github.com/davecgh/go-spew v1.1.1 h1:vj9j/u1bqnvCEfJOwUhtlOARqs3+rkHYY13jYWTU97c=
github.com/davecgh/go-spew v1.1.1/go.mod h1:J7Y8YcW2NihsgmVo/mv3lAwl/skON4iLHjSsI+c5H38=
github.com/google/go-cmp v0.6.0 h1:ofyhxvXcZhMsU5ulbFiLKl/XBFqE1GSq7atu8tAmTRI=
github.com/google/go-cmp v0.6.0/go.mod h1:17dUlkBOakJ0+DkrSSNjCkIjxS6bF9zb3elmeNGIjoY=
github.com/miekg/dns v1.1.69 h1:Kb7Y/1Jo+SG+a2GtfoFUfDkG//csdRPwRLkCsxDG9Sc=
github.com/miekg/dns v1.1.69/go.mod h1:7OyjD9nEba5OkqQ/hB4fy3PIoxafSZJtducccIelz3g=
github.com/oschwald/geoip2-golang v1.13.0 h1:Q44/Ldc703pasJeP5V9+aFSZFmBN7DKHbNsSFzQATJI=
github.com/oschwald/geoip2-golang v1.13.0/go.mod h1:P9zG+54KPEFOliZ29i7SeYZ/GM6tfEL+rgSn03hYuUo=
github.com/oschwald/maxminddb-golang v1.13.0 h1:R8xBorY71s84yO06NgTmQvqvTvlS/bnYZrrWX1MElnU=
github.com/oschwald/maxminddb-golang v1.13.0/go.mod h1:BU0z8BfFVhi1LQaonTwwGQlsHUEu9pWNdMfmq4ztm0o=
github.com/pmezard/go-difflib v1.0.0 h1:4DBwDE0NGyQoBHbLQYPwSUPoCMWR5BEzIk/f1lZbAQM=
github.com/pmezard/go-difflib v1.0.0/go.mod h1:iKH77koFhYxTK1pcRnkKkqfTogsbg7gZNVY4sRDYZ/4=
github.com/stretchr/testify v1.9.0 h1:HtqpIVDClZ4nwg75+f6Lvsy/wHu+3BoSGCbBAcpTsTg=
github.com/stretchr/testify v1.9.0/go.mod h1:r2ic/lqez/lEtzL7wO/rwa5dbSLXVDPFyf8C91i36aY=
github.com/therootcompany/golib/https v0.9.0 h1:D9gh0K6ljkvF805JUbylITn8SHPMo08q5PglQGXsK8c=
github.com/therootcompany/golib/https v0.9.0/go.mod h1:ilExqR/Uh7oB36oy9mwuNhANcFh+zdCfD3uJiZ11YAY=
github.com/therootcompany/golib/io/transform/gsheet2csv v1.1.0 h1:R5zAPun5p3JPlNfcMD9es4LD9sqh6nWDNTflZBeeUJo=
github.com/therootcompany/golib/io/transform/gsheet2csv v1.1.0/go.mod h1:CsntOAhhIMdzSAYuwuRZtfkdoiER9+TfSgYOIDWN71o=
github.com/therootcompany/golib/net/dnsresolver v0.6.0 h1:sy08rzX/2QowofAKnCw1QtTDoatPL6/FXZcb+Wz4GlM=
github.com/therootcompany/golib/net/dnsresolver v0.6.0/go.mod h1:tOV99lX6ghpWPksxSFAt4CDe5XLefFzIGf2qXsZJap4=
github.com/therootcompany/golib/net/geoip v0.6.1 h1:J6aTzUC+Aj3kUuufhaEF6vVSElGyarlT0IIGsYqMMno=
github.com/therootcompany/golib/net/geoip v0.6.1/go.mod h1:Ojmw/79d+I0j6i3WnBWxSkN1wI3cyd7cKjTBJz9rKU4=
github.com/therootcompany/golib/net/gitshallow v0.10.0 h1:cLN9ElTmNWk5HSbaRD3sSFuGdpgy4YXc+LVzjzT0nM4=
github.com/therootcompany/golib/net/gitshallow v0.10.0/go.mod h1:S/3OK7wMOqJJjP79U9Qw/l3jjEyrb/zsjJ8HAPAX/Fc=
github.com/therootcompany/golib/net/httpcache v0.6.0 h1:qFBnSs6rZrtUQ+fweP4bHF2FQd/Syvs7mRN5nO5YtkY=
github.com/therootcompany/golib/net/httpcache v0.6.0/go.mod h1:mKSQJWpGSCDBzWkTCwT7dO1SCVCsFmdkRgKr39fNS1U=
github.com/therootcompany/golib/net/ipcohort v0.9.0 h1:j3AaoW2u4XQJz1ya6fixv3pb3KgxIpZV8t0082/kS3E=
github.com/therootcompany/golib/net/ipcohort v0.9.0/go.mod h1:Ljcnt2xOryVDGIVV5Kzt5hj2LhW4lBAWo5OeeVYU9ys=
github.com/therootcompany/golib/net/iplist v0.9.2 h1:2WGFYzLhDyeGRuagLPe6Hp6gWMNqfqWpei9KG41C/9E=
github.com/therootcompany/golib/net/iplist v0.9.2/go.mod h1:TJ+0RP4M8/zkjdm+D9YXvDUJL2VZiC2VpnZJiK9Bfjk=
github.com/therootcompany/golib/net/ippolicy v0.10.0 h1:Eq5R7SfDV9WXRGcdZH7tzHomWgcbZqeUzRKR3yWcBt0=
github.com/therootcompany/golib/net/ippolicy v0.10.0/go.mod h1:vhPFHj55JxIfdiBcV/z5Gnx/K9BEvesxI3ReMXLhpWk=
github.com/therootcompany/golib/sync/cacheable v0.1.0 h1:s6mz4dZv9Vsd0nuDz8IpS+n35GLjOwpjZlomimkqw1M=
github.com/therootcompany/golib/sync/cacheable v0.1.0/go.mod h1:0ZQ9sOtqyr1j8ZfSaAyPM1HlGi1B2qFgaGC4ULUbhD4=
golang.org/x/mod v0.30.0 h1:fDEXFVZ/fmCKProc/yAXXUijritrDzahmwwefnjoPFk=
golang.org/x/mod v0.30.0/go.mod h1:lAsf5O2EvJeSFMiBxXDki7sCgAxEUcZHXoXMKT4GJKc=
golang.org/x/net v0.47.0 h1:Mx+4dIFzqraBXUugkia1OOvlD6LemFo1ALMHjrXDOhY=
golang.org/x/net v0.47.0/go.mod h1:/jNxtkgq5yWUGYkaZGqo27cfGZ1c5Nen03aYrrKpVRU=
golang.org/x/sync v0.20.0 h1:e0PTpb7pjO8GAtTs2dQ6jYa5BWYlMuX047Dco/pItO4=
golang.org/x/sync v0.20.0/go.mod h1:9xrNwdLfx4jkKbNva9FpL6vEN7evnE43NNNJQ2LF3+0=
golang.org/x/sys v0.45.0 h1:dO4czNzziLiiXplLQgBCEpCvXQ3dnkn0SdaZSYdQ+FY=
golang.org/x/sys v0.45.0/go.mod h1:4GL1E5IUh+htKOUEOaiffhrAeqysfVGipDYzABqnCmw=
golang.org/x/time v0.15.0 h1:bbrp8t3bGUeFOx08pvsMYRTCVSMk89u4tKbNOZbp88U=
golang.org/x/time v0.15.0/go.mod h1:Y4YMaQmXwGQZoFaVFk4YpCt4FLQMYKZe9oeV/f4MSno=
golang.org/x/tools v0.39.0 h1:ik4ho21kwuQln40uelmciQPp9SipgNDdrafrYA4TmQQ=
golang.org/x/tools v0.39.0/go.mod h1:JnefbkDPyD8UU2kI5fuf8ZX4/yUeh9W877ZeBONxUqQ=
gopkg.in/yaml.v3 v3.0.1 h1:fxVm/GzAzEWqLHuvctI91KS9hhNmmWOoWu0XTYJS7CA=
gopkg.in/yaml.v3 v3.0.1/go.mod h1:K4uyk7z7BCEPqu6E+C64Yfv1cQ7kz7rIZviUmN+EgEM=
