github.com/davecgh/go-spew v1.1.1 h1:vj9j/u1bqnvCEfJOwUhtlOARqs3+rkHYY13jYWTU97c=
github.com/davecgh/go-spew v1.1.1/go.mod h1:J7Y8YcW2NihsgmVo/mv3lAwl/skON4iLHjSsI+c5H38=
github.com/joho/godotenv v1.5.1 h1:7eLL/+HRGLY0ldzfGMeQkb7vMd0as4CfYvUVzLqw0N0=
github.com/joho/godotenv v1.5.1/go.mod h1:f4LDr5Voq0i2e/R5DDNOoa2zzDfwtkZa6DnEwAbqwq4=
github.com/oschwald/geoip2-golang v1.13.0 h1:Q44/Ldc703pasJeP5V9+aFSZFmBN7DKHbNsSFzQATJI=
github.com/oschwald/geoip2-golang v1.13.0/go.mod h1:P9zG+54KPEFOliZ29i7SeYZ/GM6tfEL+rgSn03hYuUo=
github.com/oschwald/maxminddb-golang v1.13.0 h1:R8xBorY71s84yO06NgTmQvqvTvlS/bnYZrrWX1MElnU=
github.com/oschwald/maxminddb-golang v1.13.0/go.mod h1:BU0z8BfFVhi1LQaonTwwGQlsHUEu9pWNdMfmq4ztm0o=
github.com/pmezard/go-difflib v1.0.0 h1:4DBwDE0NGyQoBHbLQYPwSUPoCMWR5BEzIk/f1lZbAQM=
github.com/pmezard/go-difflib v1.0.0/go.mod h1:iKH77koFhYxTK1pcRnkKkqfTogsbg7gZNVY4sRDYZ/4=
github.com/stretchr/testify v1.9.0 h1:HtqpIVDClZ4nwg75+f6Lvsy/wHu+3BoSGCbBAcpTsTg=
github.com/stretchr/testify v1.9.0/go.mod h1:r2ic/lqez/lEtzL7wO/rwa5dbSLXVDPFyf8C91i36aY=
github.com/therootcompany/golib/https v0.9.0 h1:D9gh0K6ljkvF805JUbylITn8SHPMo08q5PglQGXsK8c=
github.com/therootcompany/golib/https v0.9.0/go.mod h1:ilExqR/Uh7oB36oy9mwuNhANcFh+zdCfD3uJiZ11YAY=
github.com/therootcompany/golib/net/formmailer v0.2.1 h1:RtJKBBb7eyLFHwHcZ72PSxnmtNq7Kudki71h5wZgp/k=
github.com/therootcompany/golib/net/formmailer v0.2.1/go.mod h1:hFr4I6BalzjJOs5JA7p2iGayN6wTz13/YqEDYOhptDs=
github.com/therootcompany/golib/net/geoip v0.5.3 h1:wps0TrRoGYw7XA5mWP0uOkGBF5oZ5rQ+1JPIAkRYrOU=
github.com/therootcompany/golib/net/geoip v0.5.3/go.mod h1:3CuuG2igsZySLNrRxoRTHPw3fmw9c4b0jRajSOOKJNU=
github.com/therootcompany/golib/net/gitshallow v0.9.3 h1:FKi0IvpqEDnYasjTmkRmXDdi+y3bhQBcjgvggwAwxFs=
github.com/therootcompany/golib/net/gitshallow v0.9.3/go.mod h1:S/3OK7wMOqJJjP79U9Qw/l3jjEyrb/zsjJ8HAPAX/Fc=
github.com/therootcompany/golib/net/httpcache v0.5.1 h1:vQM758tBwPEqCo7ojpSeL3fHqgq29LYmvD2hvDTBfKY=
github.com/therootcompany/golib/net/httpcache v0.5.1/go.mod h1:mKSQJWpGSCDBzWkTCwT7dO1SCVCsFmdkRgKr39fNS1U=
github.com/therootcompany/golib/net/ipcohort v0.9.0 h1:j3AaoW2u4XQJz1ya6fixv3pb3KgxIpZV8t0082/kS3E=
github.com/therootcompany/golib/net/ipcohort v0.9.0/go.mod h1:Ljcnt2xOryVDGIVV5Kzt5hj2LhW4lBAWo5OeeVYU9ys=
github.com/therootcompany/golib/sync/dataset v0.5.0 h1:4i3+7Izy/vnpK6IW5m9u4UqLA9RM1IjUsedbZo3MW6E=
github.com/therootcompany/golib/sync/dataset v0.5.0/go.mod h1:HMa25n3eqYnjRcPXny0IUGU2wFKD5/x2g9UUkt3iAmI=
golang.org/x/sync v0.20.0 h1:e0PTpb7pjO8GAtTs2dQ6jYa5BWYlMuX047Dco/pItO4=
golang.org/x/sync v0.20.0/go.mod h1:9xrNwdLfx4jkKbNva9FpL6vEN7evnE43NNNJQ2LF3+0=
golang.org/x/sys v0.45.0 h1:dO4czNzziLiiXplLQgBCEpCvXQ3dnkn0SdaZSYdQ+FY=
golang.org/x/sys v0.45.0/go.mod h1:4GL1E5IUh+htKOUEOaiffhrAeqysfVGipDYzABqnCmw=
golang.org/x/term v0.40.0 h1:36e4zGLqU4yhjlmxEaagx2KuYbJq3EwY8K943ZsHcvg=
golang.org/x/term v0.40.0/go.mod h1:w2P8uVp06p2iyKKuvXIm7N/y0UCRt3UfJTfZ7oOpglM=
golang.org/x/time v0.15.0 h1:bbrp8t3bGUeFOx08pvsMYRTCVSMk89u4tKbNOZbp88U=
golang.org/x/time v0.15.0/go.mod h1:Y4YMaQmXwGQZoFaVFk4YpCt4FLQMYKZe9oeV/f4MSno=
gopkg.in/yaml.v3 v3.0.1 h1:fxVm/GzAzEWqLHuvctI91KS9hhNmmWOoWu0XTYJS7CA=
gopkg.in/yaml.v3 v3.0.1/go.mod h1:K4uyk7z7BCEPqu6E+C64Yfv1cQ7kz7rIZviUmN+EgEM=
